
Microsoft Visual Studio Solution File, Format Version 12.00
# Visual Studio 15
VisualStudioVersion = 15.0.28307.1000
MinimumVisualStudioVersion = 10.0.40219.1
Project("{8BC9CEB8-8B4A-11D0-8D11-00A0C91BC942}") = "NWP Seminarski Rad", "NWP Seminarski Rad\NWP Seminarski Rad.vcxproj", "{95294DF7-20F7-4E39-87FA-E3B0858B7BAD}"
EndProject
Global
	GlobalSection(SolutionConfigurationPlatforms) = preSolution
		Debug|x64 = Debug|x64
		Debug|x86 = Debug|x86
		Release|x64 = Release|x64
		Release|x86 = Release|x86
	EndGlobalSection
	GlobalSection(ProjectConfigurationPlatforms) = postSolution
		{95294DF7-20F7-4E39-87FA-E3B0858B7BAD}.Debug|x64.ActiveCfg = Debug|x64
		{95294DF7-20F7-4E39-87FA-E3B0858B7BAD}.Debug|x64.Build.0 = Debug|x64
		{95294DF7-20F7-4E39-87FA-E3B0858B7BAD}.Debug|x86.ActiveCfg = Debug|Win32
		{95294DF7-20F7-4E39-87FA-E3B0858B7BAD}.Debug|x86.Build.0 = Debug|Win32
		{95294DF7-20F7-4E39-87FA-E3B0858B7BAD}.Release|x64.ActiveCfg = Release|x64
		{95294DF7-20F7-4E39-87FA-E3B0858B7BAD}.Release|x64.Build.0 = Release|x64
		{95294DF7-20F7-4E39-87FA-E3B0858B7BAD}.Release|x86.ActiveCfg = Release|Win32
		{95294DF7-20F7-4E39-87FA-E3B0858B7BAD}.Release|x86.Build.0 = Release|Win32
	EndGlobalSection
	GlobalSection(SolutionProperties) = preSolution
		HideSolutionNode = FALSE
	EndGlobalSection
	GlobalSection(ExtensibilityGlobals) = postSolution
		SolutionGuid = {37902144-60C7-435C-91FF-7EC86A5C7B89}
	EndGlobalSection
EndGlobal
